
Microsoft Visual Studio Solution File, Format Version 12.00
# Visual Studio Version 16
VisualStudioVersion = 16.0.32002.261
MinimumVisualStudioVersion = 10.0.40219.1
Project("{FAE04EC0-301F-11D3-BF4B-00C04F79EFBC}") = "KontrolaMalePeci", "WindowsFormsApp2\KontrolaMalePeci.csproj", "{CED2C6F2-7F66-4A5A-B6BE-75456811E8BC}"
EndProject
Global
	GlobalSection(SolutionConfigurationPlatforms) = preSolution
		Debug|Any CPU = Debug|Any CPU
		Release|Any CPU = Release|Any CPU
	EndGlobalSection
	GlobalSection(ProjectConfigurationPlatforms) = postSolution
		{CED2C6F2-7F66-4A5A-B6BE-75456811E8BC}.Debug|Any CPU.ActiveCfg = Debug|Any CPU
		{CED2C6F2-7F66-4A5A-B6BE-75456811E8BC}.Debug|Any CPU.Build.0 = Debug|Any CPU
		{CED2C6F2-7F66-4A5A-B6BE-75456811E8BC}.Release|Any CPU.ActiveCfg = Release|Any CPU
		{CED2C6F2-7F66-4A5A-B6BE-75456811E8BC}.Release|Any CPU.Build.0 = Release|Any CPU
	EndGlobalSection
	GlobalSection(SolutionProperties) = preSolution
		HideSolutionNode = FALSE
	EndGlobalSection
	GlobalSection(ExtensibilityGlobals) = postSolution
		SolutionGuid = {2DD009A2-D3A6-4BA1-8FD0-FA4328757F65}
	EndGlobalSection
EndGlobal
